// !$*UTF8*$!
{
	archiveVersion = 1;
	classes = {
	};
	objectVersion = 56;
	objects = {

/* Begin PBXBuildFile section */
		CEA155742BF0ECBC0017EB98 /* ApiManager.swift in Sources */ = {isa = PBXBuildFile; fileRef = CEA155732BF0ECBC0017EB98 /* ApiManager.swift */; };
		CEA155762BF21BD20017EB98 /* MovieModel.swift in Sources */ = {isa = PBXBuildFile; fileRef = CEA155752BF21BD20017EB98 /* MovieModel.swift */; };
		CEAE29722BEF8E92004B32DD /* AppDelegate.swift in Sources */ = {isa = PBXBuildFile; fileRef = CEAE29712BEF8E92004B32DD /* AppDelegate.swift */; };
		CEAE29742BEF8E92004B32DD /* SceneDelegate.swift in Sources */ = {isa = PBXBuildFile; fileRef = CEAE29732BEF8E92004B32DD /* SceneDelegate.swift */; };
		CEAE29792BEF8E93004B32DD /* Main.storyboard in Resources */ = {isa = PBXBuildFile; fileRef = CEAE29772BEF8E93004B32DD /* Main.storyboard */; };
		CEAE297B2BEF8E97004B32DD /* Assets.xcassets in Resources */ = {isa = PBXBuildFile; fileRef = CEAE297A2BEF8E97004B32DD /* Assets.xcassets */; };
		CEAE297E2BEF8E97004B32DD /* LaunchScreen.storyboard in Resources */ = {isa = PBXBuildFile; fileRef = CEAE297C2BEF8E97004B32DD /* LaunchScreen.storyboard */; };
		CEAE29872BEF8FC1004B32DD /* SDWebImage in Frameworks */ = {isa = PBXBuildFile; productRef = CEAE29862BEF8FC1004B32DD /* SDWebImage */; };
		CEAE29892BEF9019004B32DD /* ApplicationAssembly.swift in Sources */ = {isa = PBXBuildFile; fileRef = CEAE29882BEF9019004B32DD /* ApplicationAssembly.swift */; };
		CEAE298B2BEF9044004B32DD /* NavigationAssembly.swift in Sources */ = {isa = PBXBuildFile; fileRef = CEAE298A2BEF9043004B32DD /* NavigationAssembly.swift */; };
		CEAE298D2BEF90B5004B32DD /* BaseAssembly.swift in Sources */ = {isa = PBXBuildFile; fileRef = CEAE298C2BEF90B5004B32DD /* BaseAssembly.swift */; };
		CEAE29902BEF9106004B32DD /* NavigationController.swift in Sources */ = {isa = PBXBuildFile; fileRef = CEAE298F2BEF9106004B32DD /* NavigationController.swift */; };
		CEAE29922BEF9134004B32DD /* BaseRouter.swift in Sources */ = {isa = PBXBuildFile; fileRef = CEAE29912BEF9134004B32DD /* BaseRouter.swift */; };
		CEAE29942BEF914A004B32DD /* ApplicationRouter.swift in Sources */ = {isa = PBXBuildFile; fileRef = CEAE29932BEF914A004B32DD /* ApplicationRouter.swift */; };
		CEAE29962BEF9164004B32DD /* MainRouter.swift in Sources */ = {isa = PBXBuildFile; fileRef = CEAE29952BEF9164004B32DD /* MainRouter.swift */; };
		CEAE299B2BEFA2A0004B32DD /* MainTabBarViewController.swift in Sources */ = {isa = PBXBuildFile; fileRef = CEAE299A2BEFA2A0004B32DD /* MainTabBarViewController.swift */; };
		CEAE299D2BEFA2CF004B32DD /* IntroViewController.swift in Sources */ = {isa = PBXBuildFile; fileRef = CEAE299C2BEFA2CF004B32DD /* IntroViewController.swift */; };
		CEAE299F2BEFA325004B32DD /* Defaults.swift in Sources */ = {isa = PBXBuildFile; fileRef = CEAE299E2BEFA325004B32DD /* Defaults.swift */; };
		CEAE29A42BEFA420004B32DD /* ActualRouter.swift in Sources */ = {isa = PBXBuildFile; fileRef = CEAE29A32BEFA420004B32DD /* ActualRouter.swift */; };
		CEAE29A62BEFA455004B32DD /* ActualViewController.swift in Sources */ = {isa = PBXBuildFile; fileRef = CEAE29A52BEFA455004B32DD /* ActualViewController.swift */; };
		CEAE29A82BEFA890004B32DD /* Actual.storyboard in Resources */ = {isa = PBXBuildFile; fileRef = CEAE29A72BEFA890004B32DD /* Actual.storyboard */; };
/* End PBXBuildFile section */

/* Begin PBXFileReference section */
		CEA155732BF0ECBC0017EB98 /* ApiManager.swift */ = {isa = PBXFileReference; lastKnownFileType = sourcecode.swift; path = ApiManager.swift; sourceTree = "<group>"; };
		CEA155752BF21BD20017EB98 /* MovieModel.swift */ = {isa = PBXFileReference; lastKnownFileType = sourcecode.swift; path = MovieModel.swift; sourceTree = "<group>"; };
		CEAE296E2BEF8E92004B32DD /* WatchCinema Unlim.app */ = {isa = PBXFileReference; explicitFileType = wrapper.application; includeInIndex = 0; path = "WatchCinema Unlim.app"; sourceTree = BUILT_PRODUCTS_DIR; };
		CEAE29712BEF8E92004B32DD /* AppDelegate.swift */ = {isa = PBXFileReference; lastKnownFileType = sourcecode.swift; path = AppDelegate.swift; sourceTree = "<group>"; };
		CEAE29732BEF8E92004B32DD /* SceneDelegate.swift */ = {isa = PBXFileReference; lastKnownFileType = sourcecode.swift; path = SceneDelegate.swift; sourceTree = "<group>"; };
		CEAE29782BEF8E93004B32DD /* Base */ = {isa = PBXFileReference; lastKnownFileType = file.storyboard; name = Base; path = Base.lproj/Main.storyboard; sourceTree = "<group>"; };
		CEAE297A2BEF8E97004B32DD /* Assets.xcassets */ = {isa = PBXFileReference; lastKnownFileType = folder.assetcatalog; path = Assets.xcassets; sourceTree = "<group>"; };
		CEAE297D2BEF8E97004B32DD /* Base */ = {isa = PBXFileReference; lastKnownFileType = file.storyboard; name = Base; path = Base.lproj/LaunchScreen.storyboard; sourceTree = "<group>"; };
		CEAE297F2BEF8E97004B32DD /* Info.plist */ = {isa = PBXFileReference; lastKnownFileType = text.plist.xml; path = Info.plist; sourceTree = "<group>"; };
		CEAE29882BEF9019004B32DD /* ApplicationAssembly.swift */ = {isa = PBXFileReference; lastKnownFileType = sourcecode.swift; path = ApplicationAssembly.swift; sourceTree = "<group>"; };
		CEAE298A2BEF9043004B32DD /* NavigationAssembly.swift */ = {isa = PBXFileReference; lastKnownFileType = sourcecode.swift; path = NavigationAssembly.swift; sourceTree = "<group>"; };
		CEAE298C2BEF90B5004B32DD /* BaseAssembly.swift */ = {isa = PBXFileReference; lastKnownFileType = sourcecode.swift; path = BaseAssembly.swift; sourceTree = "<group>"; };
		CEAE298F2BEF9106004B32DD /* NavigationController.swift */ = {isa = PBXFileReference; lastKnownFileType = sourcecode.swift; path = NavigationController.swift; sourceTree = "<group>"; };
		CEAE29912BEF9134004B32DD /* BaseRouter.swift */ = {isa = PBXFileReference; lastKnownFileType = sourcecode.swift; path = BaseRouter.swift; sourceTree = "<group>"; };
		CEAE29932BEF914A004B32DD /* ApplicationRouter.swift */ = {isa = PBXFileReference; lastKnownFileType = sourcecode.swift; path = ApplicationRouter.swift; sourceTree = "<group>"; };
		CEAE29952BEF9164004B32DD /* MainRouter.swift */ = {isa = PBXFileReference; lastKnownFileType = sourcecode.swift; path = MainRouter.swift; sourceTree = "<group>"; };
		CEAE299A2BEFA2A0004B32DD /* MainTabBarViewController.swift */ = {isa = PBXFileReference; lastKnownFileType = sourcecode.swift; path = MainTabBarViewController.swift; sourceTree = "<group>"; };
		CEAE299C2BEFA2CF004B32DD /* IntroViewController.swift */ = {isa = PBXFileReference; lastKnownFileType = sourcecode.swift; path = IntroViewController.swift; sourceTree = "<group>"; };
		CEAE299E2BEFA325004B32DD /* Defaults.swift */ = {isa = PBXFileReference; lastKnownFileType = sourcecode.swift; path = Defaults.swift; sourceTree = "<group>"; };
		CEAE29A32BEFA420004B32DD /* ActualRouter.swift */ = {isa = PBXFileReference; lastKnownFileType = sourcecode.swift; path = ActualRouter.swift; sourceTree = "<group>"; };
		CEAE29A52BEFA455004B32DD /* ActualViewController.swift */ = {isa = PBXFileReference; lastKnownFileType = sourcecode.swift; path = ActualViewController.swift; sourceTree = "<group>"; };
		CEAE29A72BEFA890004B32DD /* Actual.storyboard */ = {isa = PBXFileReference; lastKnownFileType = file.storyboard; path = Actual.storyboard; sourceTree = "<group>"; };
/* End PBXFileReference section */

/* Begin PBXFrameworksBuildPhase section */
		CEAE296B2BEF8E92004B32DD /* Frameworks */ = {
			isa = PBXFrameworksBuildPhase;
			buildActionMask = 2147483647;
			files = (
				CEAE29872BEF8FC1004B32DD /* SDWebImage in Frameworks */,
			);
			runOnlyForDeploymentPostprocessing = 0;
		};
/* End PBXFrameworksBuildPhase section */

/* Begin PBXGroup section */
		CEA155772BF21C470017EB98 /* Model */ = {
			isa = PBXGroup;
			children = (
				CEA155752BF21BD20017EB98 /* MovieModel.swift */,
			);
			path = Model;
			sourceTree = "<group>";
		};
		CEAE29652BEF8E92004B32DD = {
			isa = PBXGroup;
			children = (
				CEAE29702BEF8E92004B32DD /* WatchCinema Unlim */,
				CEAE296F2BEF8E92004B32DD /* Products */,
			);
			sourceTree = "<group>";
		};
		CEAE296F2BEF8E92004B32DD /* Products */ = {
			isa = PBXGroup;
			children = (
				CEAE296E2BEF8E92004B32DD /* WatchCinema Unlim.app */,
			);
			name = Products;
			sourceTree = "<group>";
		};
		CEAE29702BEF8E92004B32DD /* WatchCinema Unlim */ = {
			isa = PBXGroup;
			children = (
				CEAE29712BEF8E92004B32DD /* AppDelegate.swift */,
				CEAE29732BEF8E92004B32DD /* SceneDelegate.swift */,
				CEA155772BF21C470017EB98 /* Model */,
				CEAE29A02BEFA335004B32DD /* ViewControllers */,
				CEAE29972BEF9422004B32DD /* Routers */,
				CEAE298E2BEF90C3004B32DD /* Assembly */,
				CEAE29A12BEFA351004B32DD /* Storyboards */,
				CEAE29A22BEFA35B004B32DD /* Helpers */,
				CEAE297A2BEF8E97004B32DD /* Assets.xcassets */,
				CEAE297C2BEF8E97004B32DD /* LaunchScreen.storyboard */,
				CEAE297F2BEF8E97004B32DD /* Info.plist */,
			);
			path = "WatchCinema Unlim";
			sourceTree = "<group>";
		};
		CEAE298E2BEF90C3004B32DD /* Assembly */ = {
			isa = PBXGroup;
			children = (
				CEAE29882BEF9019004B32DD /* ApplicationAssembly.swift */,
				CEAE298A2BEF9043004B32DD /* NavigationAssembly.swift */,
				CEAE298C2BEF90B5004B32DD /* BaseAssembly.swift */,
			);
			path = Assembly;
			sourceTree = "<group>";
		};
		CEAE29972BEF9422004B32DD /* Routers */ = {
			isa = PBXGroup;
			children = (
				CEAE29912BEF9134004B32DD /* BaseRouter.swift */,
				CEAE29932BEF914A004B32DD /* ApplicationRouter.swift */,
				CEAE29952BEF9164004B32DD /* MainRouter.swift */,
				CEAE29A32BEFA420004B32DD /* ActualRouter.swift */,
			);
			path = Routers;
			sourceTree = "<group>";
		};
		CEAE29A02BEFA335004B32DD /* ViewControllers */ = {
			isa = PBXGroup;
			children = (
				CEAE298F2BEF9106004B32DD /* NavigationController.swift */,
				CEAE299A2BEFA2A0004B32DD /* MainTabBarViewController.swift */,
				CEAE299C2BEFA2CF004B32DD /* IntroViewController.swift */,
				CEAE29A52BEFA455004B32DD /* ActualViewController.swift */,
			);
			path = ViewControllers;
			sourceTree = "<group>";
		};
		CEAE29A12BEFA351004B32DD /* Storyboards */ = {
			isa = PBXGroup;
			children = (
				CEAE29772BEF8E93004B32DD /* Main.storyboard */,
				CEAE29A72BEFA890004B32DD /* Actual.storyboard */,
			);
			path = Storyboards;
			sourceTree = "<group>";
		};
		CEAE29A22BEFA35B004B32DD /* Helpers */ = {
			isa = PBXGroup;
			children = (
				CEAE299E2BEFA325004B32DD /* Defaults.swift */,
				CEA155732BF0ECBC0017EB98 /* ApiManager.swift */,
			);
			path = Helpers;
			sourceTree = "<group>";
		};
/* End PBXGroup section */

/* Begin PBXNativeTarget section */
		CEAE296D2BEF8E92004B32DD /* WatchCinema Unlim */ = {
			isa = PBXNativeTarget;
			buildConfigurationList = CEAE29822BEF8E97004B32DD /* Build configuration list for PBXNativeTarget "WatchCinema Unlim" */;
			buildPhases = (
				CEAE296A2BEF8E92004B32DD /* Sources */,
				CEAE296B2BEF8E92004B32DD /* Frameworks */,
				CEAE296C2BEF8E92004B32DD /* Resources */,
			);
			buildRules = (
			);
			dependencies = (
			);
			name = "WatchCinema Unlim";
			packageProductDependencies = (
				CEAE29862BEF8FC1004B32DD /* SDWebImage */,
			);
			productName = "WatchCinema Unlim";
			productReference = CEAE296E2BEF8E92004B32DD /* WatchCinema Unlim.app */;
			productType = "com.apple.product-type.application";
		};
/* End PBXNativeTarget section */

/* Begin PBXProject section */
		CEAE29662BEF8E92004B32DD /* Project object */ = {
			isa = PBXProject;
			attributes = {
				BuildIndependentTargetsInParallel = 1;
				LastSwiftUpdateCheck = 1520;
				LastUpgradeCheck = 1520;
				TargetAttributes = {
					CEAE296D2BEF8E92004B32DD = {
						CreatedOnToolsVersion = 15.2;
					};
				};
			};
			buildConfigurationList = CEAE29692BEF8E92004B32DD /* Build configuration list for PBXProject "WatchCinema Unlim" */;
			compatibilityVersion = "Xcode 14.0";
			developmentRegion = en;
			hasScannedForEncodings = 0;
			knownRegions = (
				en,
				Base,
			);
			mainGroup = CEAE29652BEF8E92004B32DD;
			packageReferences = (
				CEAE29852BEF8FC1004B32DD /* XCRemoteSwiftPackageReference "SDWebImage" */,
			);
			productRefGroup = CEAE296F2BEF8E92004B32DD /* Products */;
			projectDirPath = "";
			projectRoot = "";
			targets = (
				CEAE296D2BEF8E92004B32DD /* WatchCinema Unlim */,
			);
		};
/* End PBXProject section */

/* Begin PBXResourcesBuildPhase section */
		CEAE296C2BEF8E92004B32DD /* Resources */ = {
			isa = PBXResourcesBuildPhase;
			buildActionMask = 2147483647;
			files = (
				CEAE297E2BEF8E97004B32DD /* LaunchScreen.storyboard in Resources */,
				CEAE297B2BEF8E97004B32DD /* Assets.xcassets in Resources */,
				CEAE29A82BEFA890004B32DD /* Actual.storyboard in Resources */,
				CEAE29792BEF8E93004B32DD /* Main.storyboard in Resources */,
			);
			runOnlyForDeploymentPostprocessing = 0;
		};
/* End PBXResourcesBuildPhase section */

/* Begin PBXSourcesBuildPhase section */
		CEAE296A2BEF8E92004B32DD /* Sources */ = {
			isa = PBXSourcesBuildPhase;
			buildActionMask = 2147483647;
			files = (
				CEAE29892BEF9019004B32DD /* ApplicationAssembly.swift in Sources */,
				CEAE29902BEF9106004B32DD /* NavigationController.swift in Sources */,
				CEAE29922BEF9134004B32DD /* BaseRouter.swift in Sources */,
				CEAE298D2BEF90B5004B32DD /* BaseAssembly.swift in Sources */,
				CEAE29722BEF8E92004B32DD /* AppDelegate.swift in Sources */,
				CEAE299B2BEFA2A0004B32DD /* MainTabBarViewController.swift in Sources */,
				CEAE29742BEF8E92004B32DD /* SceneDelegate.swift in Sources */,
				CEA155742BF0ECBC0017EB98 /* ApiManager.swift in Sources */,
				CEAE29A42BEFA420004B32DD /* ActualRouter.swift in Sources */,
				CEAE298B2BEF9044004B32DD /* NavigationAssembly.swift in Sources */,
				CEAE299D2BEFA2CF004B32DD /* IntroViewController.swift in Sources */,
				CEAE299F2BEFA325004B32DD /* Defaults.swift in Sources */,
				CEA155762BF21BD20017EB98 /* MovieModel.swift in Sources */,
				CEAE29942BEF914A004B32DD /* ApplicationRouter.swift in Sources */,
				CEAE29A62BEFA455004B32DD /* ActualViewController.swift in Sources */,
				CEAE29962BEF9164004B32DD /* MainRouter.swift in Sources */,
			);
			runOnlyForDeploymentPostprocessing = 0;
		};
/* End PBXSourcesBuildPhase section */

/* Begin PBXVariantGroup section */
		CEAE29772BEF8E93004B32DD /* Main.storyboard */ = {
			isa = PBXVariantGroup;
			children = (
				CEAE29782BEF8E93004B32DD /* Base */,
			);
			name = Main.storyboard;
			sourceTree = "<group>";
		};
		CEAE297C2BEF8E97004B32DD /* LaunchScreen.storyboard */ = {
			isa = PBXVariantGroup;
			children = (
				CEAE297D2BEF8E97004B32DD /* Base */,
			);
			name = LaunchScreen.storyboard;
			sourceTree = "<group>";
		};
/* End PBXVariantGroup section */

/* Begin XCBuildConfiguration section */
		CEAE29802BEF8E97004B32DD /* Debug */ = {
			isa = XCBuildConfiguration;
			buildSettings = {
				ALWAYS_SEARCH_USER_PATHS = NO;
				ASSETCATALOG_COMPILER_GENERATE_SWIFT_ASSET_SYMBOL_EXTENSIONS = YES;
				CLANG_ANALYZER_NONNULL = YES;
				CLANG_ANALYZER_NUMBER_OBJECT_CONVERSION = YES_AGGRESSIVE;
				CLANG_CXX_LANGUAGE_STANDARD = "gnu++20";
				CLANG_ENABLE_MODULES = YES;
				CLANG_ENABLE_OBJC_ARC = YES;
				CLANG_ENABLE_OBJC_WEAK = YES;
				CLANG_WARN_BLOCK_CAPTURE_AUTORELEASING = YES;
				CLANG_WARN_BOOL_CONVERSION = YES;
				CLANG_WARN_COMMA = YES;
				CLANG_WARN_CONSTANT_CONVERSION = YES;
				CLANG_WARN_DEPRECATED_OBJC_IMPLEMENTATIONS = YES;
				CLANG_WARN_DIRECT_OBJC_ISA_USAGE = YES_ERROR;
				CLANG_WARN_DOCUMENTATION_COMMENTS = YES;
				CLANG_WARN_EMPTY_BODY = YES;
				CLANG_WARN_ENUM_CONVERSION = YES;
				CLANG_WARN_INFINITE_RECURSION = YES;
				CLANG_WARN_INT_CONVERSION = YES;
				CLANG_WARN_NON_LITERAL_NULL_CONVERSION = YES;
				CLANG_WARN_OBJC_IMPLICIT_RETAIN_SELF = YES;
				CLANG_WARN_OBJC_LITERAL_CONVERSION = YES;
				CLANG_WARN_OBJC_ROOT_CLASS = YES_ERROR;
				CLANG_WARN_QUOTED_INCLUDE_IN_FRAMEWORK_HEADER = YES;
				CLANG_WARN_RANGE_LOOP_ANALYSIS = YES;
				CLANG_WARN_STRICT_PROTOTYPES = YES;
				CLANG_WARN_SUSPICIOUS_MOVE = YES;
				CLANG_WARN_UNGUARDED_AVAILABILITY = YES_AGGRESSIVE;
				CLANG_WARN_UNREACHABLE_CODE = YES;
				CLANG_WARN__DUPLICATE_METHOD_MATCH = YES;
				COPY_PHASE_STRIP = NO;
				DEBUG_INFORMATION_FORMAT = dwarf;
				ENABLE_STRICT_OBJC_MSGSEND = YES;
				ENABLE_TESTABILITY = YES;
				ENABLE_USER_SCRIPT_SANDBOXING = YES;
				GCC_C_LANGUAGE_STANDARD = gnu17;
				GCC_DYNAMIC_NO_PIC = NO;
				GCC_NO_COMMON_BLOCKS = YES;
				GCC_OPTIMIZATION_LEVEL = 0;
				GCC_PREPROCESSOR_DEFINITIONS = (
					"DEBUG=1",
					"$(inherited)",
				);
				GCC_WARN_64_TO_32_BIT_CONVERSION = YES;
				GCC_WARN_ABOUT_RETURN_TYPE = YES_ERROR;
				GCC_WARN_UNDECLARED_SELECTOR = YES;
				GCC_WARN_UNINITIALIZED_AUTOS = YES_AGGRESSIVE;
				GCC_WARN_UNUSED_FUNCTION = YES;
				GCC_WARN_UNUSED_VARIABLE = YES;
				IPHONEOS_DEPLOYMENT_TARGET = 17.2;
				LOCALIZATION_PREFERS_STRING_CATALOGS = YES;
				MTL_ENABLE_DEBUG_INFO = INCLUDE_SOURCE;
				MTL_FAST_MATH = YES;
				ONLY_ACTIVE_ARCH = YES;
				SDKROOT = iphoneos;
				SWIFT_ACTIVE_COMPILATION_CONDITIONS = "DEBUG $(inherited)";
				SWIFT_OPTIMIZATION_LEVEL = "-Onone";
			};
			name = Debug;
		};
		CEAE29812BEF8E97004B32DD /* Release */ = {
			isa = XCBuildConfiguration;
			buildSettings = {
				ALWAYS_SEARCH_USER_PATHS = NO;
				ASSETCATALOG_COMPILER_GENERATE_SWIFT_ASSET_SYMBOL_EXTENSIONS = YES;
				CLANG_ANALYZER_NONNULL = YES;
				CLANG_ANALYZER_NUMBER_OBJECT_CONVERSION = YES_AGGRESSIVE;
				CLANG_CXX_LANGUAGE_STANDARD = "gnu++20";
				CLANG_ENABLE_MODULES = YES;
				CLANG_ENABLE_OBJC_ARC = YES;
				CLANG_ENABLE_OBJC_WEAK = YES;
				CLANG_WARN_BLOCK_CAPTURE_AUTORELEASING = YES;
				CLANG_WARN_BOOL_CONVERSION = YES;
				CLANG_WARN_COMMA = YES;
				CLANG_WARN_CONSTANT_CONVERSION = YES;
				CLANG_WARN_DEPRECATED_OBJC_IMPLEMENTATIONS = YES;
				CLANG_WARN_DIRECT_OBJC_ISA_USAGE = YES_ERROR;
				CLANG_WARN_DOCUMENTATION_COMMENTS = YES;
				CLANG_WARN_EMPTY_BODY = YES;
				CLANG_WARN_ENUM_CONVERSION = YES;
				CLANG_WARN_INFINITE_RECURSION = YES;
				CLANG_WARN_INT_CONVERSION = YES;
				CLANG_WARN_NON_LITERAL_NULL_CONVERSION = YES;
				CLANG_WARN_OBJC_IMPLICIT_RETAIN_SELF = YES;
				CLANG_WARN_OBJC_LITERAL_CONVERSION = YES;
				CLANG_WARN_OBJC_ROOT_CLASS = YES_ERROR;
				CLANG_WARN_QUOTED_INCLUDE_IN_FRAMEWORK_HEADER = YES;
				CLANG_WARN_RANGE_LOOP_ANALYSIS = YES;
				CLANG_WARN_STRICT_PROTOTYPES = YES;
				CLANG_WARN_SUSPICIOUS_MOVE = YES;
				CLANG_WARN_UNGUARDED_AVAILABILITY = YES_AGGRESSIVE;
				CLANG_WARN_UNREACHABLE_CODE = YES;
				CLANG_WARN__DUPLICATE_METHOD_MATCH = YES;
				COPY_PHASE_STRIP = NO;
				DEBUG_INFORMATION_FORMAT = "dwarf-with-dsym";
				ENABLE_NS_ASSERTIONS = NO;
				ENABLE_STRICT_OBJC_MSGSEND = YES;
				ENABLE_USER_SCRIPT_SANDBOXING = YES;
				GCC_C_LANGUAGE_STANDARD = gnu17;
				GCC_NO_COMMON_BLOCKS = YES;
				GCC_WARN_64_TO_32_BIT_CONVERSION = YES;
				GCC_WARN_ABOUT_RETURN_TYPE = YES_ERROR;
				GCC_WARN_UNDECLARED_SELECTOR = YES;
				GCC_WARN_UNINITIALIZED_AUTOS = YES_AGGRESSIVE;
				GCC_WARN_UNUSED_FUNCTION = YES;
				GCC_WARN_UNUSED_VARIABLE = YES;
				IPHONEOS_DEPLOYMENT_TARGET = 17.2;
				LOCALIZATION_PREFERS_STRING_CATALOGS = YES;
				MTL_ENABLE_DEBUG_INFO = NO;
				MTL_FAST_MATH = YES;
				SDKROOT = iphoneos;
				SWIFT_COMPILATION_MODE = wholemodule;
				VALIDATE_PRODUCT = YES;
			};
			name = Release;
		};
		CEAE29832BEF8E97004B32DD /* Debug */ = {
			isa = XCBuildConfiguration;
			buildSettings = {
				ASSETCATALOG_COMPILER_APPICON_NAME = AppIcon;
				ASSETCATALOG_COMPILER_GLOBAL_ACCENT_COLOR_NAME = AccentColor;
				CODE_SIGN_STYLE = Automatic;
				CURRENT_PROJECT_VERSION = 1;
				DEVELOPMENT_TEAM = P724DK85JV;
				GENERATE_INFOPLIST_FILE = YES;
				INFOPLIST_FILE = "WatchCinema Unlim/Info.plist";
				INFOPLIST_KEY_UIApplicationSupportsIndirectInputEvents = YES;
				INFOPLIST_KEY_UILaunchStoryboardName = LaunchScreen;
				INFOPLIST_KEY_UIMainStoryboardFile = Main;
				INFOPLIST_KEY_UISupportedInterfaceOrientations = UIInterfaceOrientationPortrait;
				IPHONEOS_DEPLOYMENT_TARGET = 15.6;
				LD_RUNPATH_SEARCH_PATHS = (
					"$(inherited)",
					"@executable_path/Frameworks",
				);
				MARKETING_VERSION = 1.0;
				PRODUCT_BUNDLE_IDENTIFIER = "kinzerskiy.WatchCinema-Unlim";
				PRODUCT_NAME = "$(TARGET_NAME)";
				SUPPORTED_PLATFORMS = "iphoneos iphonesimulator";
				SUPPORTS_MACCATALYST = NO;
				SUPPORTS_MAC_DESIGNED_FOR_IPHONE_IPAD = NO;
				SUPPORTS_XR_DESIGNED_FOR_IPHONE_IPAD = NO;
				SWIFT_EMIT_LOC_STRINGS = YES;
				SWIFT_VERSION = 5.0;
				TARGETED_DEVICE_FAMILY = 1;
			};
			name = Debug;
		};
		CEAE29842BEF8E97004B32DD /* Release */ = {
			isa = XCBuildConfiguration;
			buildSettings = {
				ASSETCATALOG_COMPILER_APPICON_NAME = AppIcon;
				ASSETCATALOG_COMPILER_GLOBAL_ACCENT_COLOR_NAME = AccentColor;
				CODE_SIGN_STYLE = Automatic;
				CURRENT_PROJECT_VERSION = 1;
				DEVELOPMENT_TEAM = P724DK85JV;
				GENERATE_INFOPLIST_FILE = YES;
				INFOPLIST_FILE = "WatchCinema Unlim/Info.plist";
				INFOPLIST_KEY_UIApplicationSupportsIndirectInputEvents = YES;
				INFOPLIST_KEY_UILaunchStoryboardName = LaunchScreen;
				INFOPLIST_KEY_UIMainStoryboardFile = Main;
				INFOPLIST_KEY_UISupportedInterfaceOrientations = UIInterfaceOrientationPortrait;
				IPHONEOS_DEPLOYMENT_TARGET = 15.6;
				LD_RUNPATH_SEARCH_PATHS = (
					"$(inherited)",
					"@executable_path/Frameworks",
				);
				MARKETING_VERSION = 1.0;
				PRODUCT_BUNDLE_IDENTIFIER = "kinzerskiy.WatchCinema-Unlim";
				PRODUCT_NAME = "$(TARGET_NAME)";
				SUPPORTED_PLATFORMS = "iphoneos iphonesimulator";
				SUPPORTS_MACCATALYST = NO;
				SUPPORTS_MAC_DESIGNED_FOR_IPHONE_IPAD = NO;
				SUPPORTS_XR_DESIGNED_FOR_IPHONE_IPAD = NO;
				SWIFT_EMIT_LOC_STRINGS = YES;
				SWIFT_VERSION = 5.0;
				TARGETED_DEVICE_FAMILY = 1;
			};
			name = Release;
		};
/* End XCBuildConfiguration section */

/* Begin XCConfigurationList section */
		CEAE29692BEF8E92004B32DD /* Build configuration list for PBXProject "WatchCinema Unlim" */ = {
			isa = XCConfigurationList;
			buildConfigurations = (
				CEAE29802BEF8E97004B32DD /* Debug */,
				CEAE29812BEF8E97004B32DD /* Release */,
			);
			defaultConfigurationIsVisible = 0;
			defaultConfigurationName = Release;
		};
		CEAE29822BEF8E97004B32DD /* Build configuration list for PBXNativeTarget "WatchCinema Unlim" */ = {
			isa = XCConfigurationList;
			buildConfigurations = (
				CEAE29832BEF8E97004B32DD /* Debug */,
				CEAE29842BEF8E97004B32DD /* Release */,
			);
			defaultConfigurationIsVisible = 0;
			defaultConfigurationName = Release;
		};
/* End XCConfigurationList section */

/* Begin XCRemoteSwiftPackageReference section */
		CEAE29852BEF8FC1004B32DD /* XCRemoteSwiftPackageReference "SDWebImage" */ = {
			isa = XCRemoteSwiftPackageReference;
			repositoryURL = "https://github.com/SDWebImage/SDWebImage.git";
			requirement = {
				kind = upToNextMajorVersion;
				minimumVersion = 5.19.2;
			};
		};
/* End XCRemoteSwiftPackageReference section */

/* Begin XCSwiftPackageProductDependency section */
		CEAE29862BEF8FC1004B32DD /* SDWebImage */ = {
			isa = XCSwiftPackageProductDependency;
			package = CEAE29852BEF8FC1004B32DD /* XCRemoteSwiftPackageReference "SDWebImage" */;
			productName = SDWebImage;
		};
/* End XCSwiftPackageProductDependency section */
	};
	rootObject = CEAE29662BEF8E92004B32DD /* Project object */;
}
